
Microsoft Visual Studio Solution File, Format Version 12.00
# Visual Studio Version 17
VisualStudioVersion = 17.3.32804.467
MinimumVisualStudioVersion = 10.0.40219.1
Project("{FAE04EC0-301F-11D3-BF4B-00C04F79EFBC}") = "ConsoleProject", "ConsoleProject\ConsoleProject.csproj", "{C1E37A93-C4D4-4004-8990-5D865760C704}"
EndProject
Project("{FAE04EC0-301F-11D3-BF4B-00C04F79EFBC}") = "ConsoleProjectTest", "ConsoleProjectTest\ConsoleProjectTest.csproj", "{9952E350-EE4B-4B98-B770-2BCC5303D55D}"
EndProject
Global
	GlobalSection(SolutionConfigurationPlatforms) = preSolution
		Debug|Any CPU = Debug|Any CPU
		Release|Any CPU = Release|Any CPU
	EndGlobalSection
	GlobalSection(ProjectConfigurationPlatforms) = postSolution
		{C1E37A93-C4D4-4004-8990-5D865760C704}.Debug|Any CPU.ActiveCfg = Debug|Any CPU
		{C1E37A93-C4D4-4004-8990-5D865760C704}.Debug|Any CPU.Build.0 = Debug|Any CPU
		{C1E37A93-C4D4-4004-8990-5D865760C704}.Release|Any CPU.ActiveCfg = Release|Any CPU
		{C1E37A93-C4D4-4004-8990-5D865760C704}.Release|Any CPU.Build.0 = Release|Any CPU
		{9952E350-EE4B-4B98-B770-2BCC5303D55D}.Debug|Any CPU.ActiveCfg = Debug|Any CPU
		{9952E350-EE4B-4B98-B770-2BCC5303D55D}.Debug|Any CPU.Build.0 = Debug|Any CPU
		{9952E350-EE4B-4B98-B770-2BCC5303D55D}.Release|Any CPU.ActiveCfg = Release|Any CPU
		{9952E350-EE4B-4B98-B770-2BCC5303D55D}.Release|Any CPU.Build.0 = Release|Any CPU
	EndGlobalSection
	GlobalSection(SolutionProperties) = preSolution
		HideSolutionNode = FALSE
	EndGlobalSection
	GlobalSection(ExtensibilityGlobals) = postSolution
		SolutionGuid = {F373F53A-83BB-499E-80BD-B4F94FFE5FF1}
	EndGlobalSection
EndGlobal
